
Microsoft Visual Studio Solution File, Format Version 12.00
# Visual Studio Version 17
VisualStudioVersion = 17.14.36109.1 d17.14
MinimumVisualStudioVersion = 10.0.40219.1
Project("{FAE04EC0-301F-11D3-BF4B-00C04F79EFBC}") = "CustodyWallet", "CustodyWallet.csproj", "{AB6FFAFE-2B25-C2E6-8077-B29FAF68F6F3}"
EndProject
Global
	GlobalSection(SolutionConfigurationPlatforms) = preSolution
		Debug|Any CPU = Debug|Any CPU
		Release|Any CPU = Release|Any CPU
	EndGlobalSection
	GlobalSection(ProjectConfigurationPlatforms) = postSolution
		{AB6FFAFE-2B25-C2E6-8077-B29FAF68F6F3}.Debug|Any CPU.ActiveCfg = Debug|Any CPU
		{AB6FFAFE-2B25-C2E6-8077-B29FAF68F6F3}.Debug|Any CPU.Build.0 = Debug|Any CPU
		{AB6FFAFE-2B25-C2E6-8077-B29FAF68F6F3}.Release|Any CPU.ActiveCfg = Release|Any CPU
		{AB6FFAFE-2B25-C2E6-8077-B29FAF68F6F3}.Release|Any CPU.Build.0 = Release|Any CPU
	EndGlobalSection
	GlobalSection(SolutionProperties) = preSolution
		HideSolutionNode = FALSE
	EndGlobalSection
	GlobalSection(ExtensibilityGlobals) = postSolution
		SolutionGuid = {E628451B-286D-425D-AB9B-54442C5BA836}
	EndGlobalSection
EndGlobal
